# This file was autogenerated by uv via the following command:
#    uv pip compile pyproject.toml --extra dev -o requirements-dev.lock
alembic==1.20.0
    # via chat-bot-ceiba (pyproject.toml)
annotated-doc==0.0.5
    # via fastapi
annotated-types==0.8.0
    # via pydantic
anyio==4.15.1
    # via
    #   httpx
    #   starlette
asyncpg==0.31.0
    # via chat-bot-ceiba (pyproject.toml)
bcrypt==5.0.0
    # via chat-bot-ceiba (pyproject.toml)
certifi==2026.7.22
    # via
    #   httpcore
    #   httpx
cffi==2.1.1
    # via cryptography
click==8.5.0
    # via uvicorn
cryptography==50.0.1
    # via google-auth
fastapi==0.141.1
    # via chat-bot-ceiba (pyproject.toml)
google-auth==2.58.1
    # via chat-bot-ceiba (pyproject.toml)
greenlet==3.5.6
    # via sqlalchemy
h11==0.16.0
    # via
    #   httpcore
    #   uvicorn
holidays==0.105
    # via chat-bot-ceiba (pyproject.toml)
httpcore==1.0.9
    # via httpx
httpx==0.28.1
    # via
    #   chat-bot-ceiba (pyproject.toml)
    #   respx
idna==3.20
    # via
    #   anyio
    #   httpx
iniconfig==2.3.0
    # via pytest
mako==1.4.3
    # via alembic
markupsafe==3.0.3
    # via mako
packaging==26.3
    # via pytest
pluggy==1.6.0
    # via pytest
pyasn1==0.6.4
    # via pyasn1-modules
pyasn1-modules==0.4.2
    # via google-auth
pycparser==3.0
    # via cffi
pydantic==2.13.5
    # via
    #   chat-bot-ceiba (pyproject.toml)
    #   fastapi
    #   pydantic-settings
pydantic-core==2.46.5
    # via pydantic
pydantic-settings==2.15.0
    # via chat-bot-ceiba (pyproject.toml)
pygments==2.21.0
    # via pytest
pytest==9.1.1
    # via
    #   chat-bot-ceiba (pyproject.toml)
    #   pytest-asyncio
pytest-asyncio==1.4.0
    # via chat-bot-ceiba (pyproject.toml)
python-dateutil==2.9.0.post0
    # via holidays
python-dotenv==1.2.3
    # via pydantic-settings
python-multipart==0.0.32
    # via chat-bot-ceiba (pyproject.toml)
respx==0.23.1
    # via chat-bot-ceiba (pyproject.toml)
ruff==0.16.9
    # via chat-bot-ceiba (pyproject.toml)
six==1.17.0
    # via python-dateutil
sqlalchemy==2.1.1
    # via
    #   chat-bot-ceiba (pyproject.toml)
    #   alembic
starlette==1.7.0
    # via fastapi
structlog==26.1.0
    # via chat-bot-ceiba (pyproject.toml)
typing-extensions==4.16.0
    # via
    #   alembic
    #   anyio
    #   fastapi
    #   pydantic
    #   pydantic-core
    #   pytest-asyncio
    #   sqlalchemy
    #   starlette
    #   typing-inspection
typing-inspection==0.4.4
    # via
    #   fastapi
    #   pydantic
    #   pydantic-settings
uvicorn==0.54.0
    # via chat-bot-ceiba (pyproject.toml)
